
Microsoft Visual Studio Solution File, Format Version 12.00
# Visual Studio Version 17
VisualStudioVersion = 17.10.34928.147
MinimumVisualStudioVersion = 10.0.40219.1
Project("{FAE04EC0-301F-11D3-BF4B-00C04F79EFBC}") = "ArrayListImplementations", "ArrayListImplementations.csproj", "{A9987465-539C-4F7F-891A-5B49F17FA0C6}"
EndProject
Global
	GlobalSection(SolutionConfigurationPlatforms) = preSolution
		Debug|Any CPU = Debug|Any CPU
		Release|Any CPU = Release|Any CPU
	EndGlobalSection
	GlobalSection(ProjectConfigurationPlatforms) = postSolution
		{A9987465-539C-4F7F-891A-5B49F17FA0C6}.Debug|Any CPU.ActiveCfg = Debug|Any CPU
		{A9987465-539C-4F7F-891A-5B49F17FA0C6}.Debug|Any CPU.Build.0 = Debug|Any CPU
		{A9987465-539C-4F7F-891A-5B49F17FA0C6}.Release|Any CPU.ActiveCfg = Release|Any CPU
		{A9987465-539C-4F7F-891A-5B49F17FA0C6}.Release|Any CPU.Build.0 = Release|Any CPU
	EndGlobalSection
	GlobalSection(SolutionProperties) = preSolution
		HideSolutionNode = FALSE
	EndGlobalSection
	GlobalSection(ExtensibilityGlobals) = postSolution
		SolutionGuid = {706229A2-3360-4BC3-A021-D358E50F72C3}
	EndGlobalSection
EndGlobal
