
Microsoft Visual Studio Solution File, Format Version 12.00
# Visual Studio Version 17
VisualStudioVersion = 17.10.34928.147
MinimumVisualStudioVersion = 10.0.40219.1
Project("{FAE04EC0-301F-11D3-BF4B-00C04F79EFBC}") = "OOPWork6", "OOPWork6.csproj", "{591C3DC7-9A23-4348-B07D-2F33DE1C6BD0}"
EndProject
Global
	GlobalSection(SolutionConfigurationPlatforms) = preSolution
		Debug|Any CPU = Debug|Any CPU
		Release|Any CPU = Release|Any CPU
	EndGlobalSection
	GlobalSection(ProjectConfigurationPlatforms) = postSolution
		{591C3DC7-9A23-4348-B07D-2F33DE1C6BD0}.Debug|Any CPU.ActiveCfg = Debug|Any CPU
		{591C3DC7-9A23-4348-B07D-2F33DE1C6BD0}.Debug|Any CPU.Build.0 = Debug|Any CPU
		{591C3DC7-9A23-4348-B07D-2F33DE1C6BD0}.Release|Any CPU.ActiveCfg = Release|Any CPU
		{591C3DC7-9A23-4348-B07D-2F33DE1C6BD0}.Release|Any CPU.Build.0 = Release|Any CPU
	EndGlobalSection
	GlobalSection(SolutionProperties) = preSolution
		HideSolutionNode = FALSE
	EndGlobalSection
	GlobalSection(ExtensibilityGlobals) = postSolution
		SolutionGuid = {8A9F29B9-304C-476C-BA2D-69D766290050}
	EndGlobalSection
EndGlobal
