
Microsoft Visual Studio Solution File, Format Version 12.00
# Visual Studio Version 17
VisualStudioVersion = 17.9.34728.123
MinimumVisualStudioVersion = 10.0.40219.1
Project("{FAE04EC0-301F-11D3-BF4B-00C04F79EFBC}") = "ShapeAreaCalculator", "ShapeAreaCalculator\ShapeAreaCalculator.csproj", "{057533FD-3EC6-41F2-8B51-20F8A11D9439}"
EndProject
Global
	GlobalSection(SolutionConfigurationPlatforms) = preSolution
		Debug|Any CPU = Debug|Any CPU
		Release|Any CPU = Release|Any CPU
	EndGlobalSection
	GlobalSection(ProjectConfigurationPlatforms) = postSolution
		{057533FD-3EC6-41F2-8B51-20F8A11D9439}.Debug|Any CPU.ActiveCfg = Debug|Any CPU
		{057533FD-3EC6-41F2-8B51-20F8A11D9439}.Debug|Any CPU.Build.0 = Debug|Any CPU
		{057533FD-3EC6-41F2-8B51-20F8A11D9439}.Release|Any CPU.ActiveCfg = Release|Any CPU
		{057533FD-3EC6-41F2-8B51-20F8A11D9439}.Release|Any CPU.Build.0 = Release|Any CPU
	EndGlobalSection
	GlobalSection(SolutionProperties) = preSolution
		HideSolutionNode = FALSE
	EndGlobalSection
	GlobalSection(ExtensibilityGlobals) = postSolution
		SolutionGuid = {2FA65996-A024-4E0F-BA24-3CE8BBA82908}
	EndGlobalSection
EndGlobal
